
Microsoft Visual Studio Solution File, Format Version 12.00
# Visual Studio Version 16
VisualStudioVersion = 16.0.30309.148
MinimumVisualStudioVersion = 10.0.40219.1
Project("{FAE04EC0-301F-11D3-BF4B-00C04F79EFBC}") = "DZ_4_3", "DZ_4_3\DZ_4_3.csproj", "{BE382B18-D828-4C96-A37D-99C2122A31AB}"
EndProject
Global
	GlobalSection(SolutionConfigurationPlatforms) = preSolution
		Debug|Any CPU = Debug|Any CPU
		Release|Any CPU = Release|Any CPU
	EndGlobalSection
	GlobalSection(ProjectConfigurationPlatforms) = postSolution
		{BE382B18-D828-4C96-A37D-99C2122A31AB}.Debug|Any CPU.ActiveCfg = Debug|Any CPU
		{BE382B18-D828-4C96-A37D-99C2122A31AB}.Debug|Any CPU.Build.0 = Debug|Any CPU
		{BE382B18-D828-4C96-A37D-99C2122A31AB}.Release|Any CPU.ActiveCfg = Release|Any CPU
		{BE382B18-D828-4C96-A37D-99C2122A31AB}.Release|Any CPU.Build.0 = Release|Any CPU
	EndGlobalSection
	GlobalSection(SolutionProperties) = preSolution
		HideSolutionNode = FALSE
	EndGlobalSection
	GlobalSection(ExtensibilityGlobals) = postSolution
		SolutionGuid = {D9B28671-804B-41CE-A820-77F64DDB1365}
	EndGlobalSection
EndGlobal
